
Microsoft Visual Studio Solution File, Format Version 12.00
# Visual Studio 2010
Project("{FAE04EC0-301F-11D3-BF4B-00C04F79EFBC}") = "Agdur", "Agdur\Agdur.csproj", "{090F8A80-66AD-4B95-A1FE-E9EA49448B8F}"
EndProject
Project("{FAE04EC0-301F-11D3-BF4B-00C04F79EFBC}") = "Agdur.Tests", "Agdur.Tests\Agdur.Tests.csproj", "{2F25C786-540A-4B9E-BB6A-850B5C725853}"
EndProject
Project("{2150E333-8FDC-42A3-9474-1A3956D46DE8}") = "Solution Items", "Solution Items", "{D3065F07-98EC-4986-AD43-A58FCADFEC36}"
	ProjectSection(SolutionItems) = preProject
		..\HowToBuild.txt = ..\HowToBuild.txt
		..\LICENSE = ..\LICENSE
		..\README.md = ..\README.md
	EndProjectSection
EndProject
Project("{2150E333-8FDC-42A3-9474-1A3956D46DE8}") = ".nuget", ".nuget", "{A42C15FC-CD71-487D-A81E-3AC154C9D647}"
	ProjectSection(SolutionItems) = preProject
		.nuget\NuGet.Config = .nuget\NuGet.Config
		.nuget\NuGet.exe = .nuget\NuGet.exe
		.nuget\NuGet.targets = .nuget\NuGet.targets
		.nuget\packages.config = .nuget\packages.config
	EndProjectSection
EndProject
Global
	GlobalSection(SolutionConfigurationPlatforms) = preSolution
		Debug|Any CPU = Debug|Any CPU
		Debug|Mixed Platforms = Debug|Mixed Platforms
		Debug|x86 = Debug|x86
		Release|Any CPU = Release|Any CPU
		Release|Mixed Platforms = Release|Mixed Platforms
		Release|x86 = Release|x86
	EndGlobalSection
	GlobalSection(ProjectConfigurationPlatforms) = postSolution
		{090F8A80-66AD-4B95-A1FE-E9EA49448B8F}.Debug|Any CPU.ActiveCfg = Debug|Any CPU
		{090F8A80-66AD-4B95-A1FE-E9EA49448B8F}.Debug|Any CPU.Build.0 = Debug|Any CPU
		{090F8A80-66AD-4B95-A1FE-E9EA49448B8F}.Debug|Mixed Platforms.ActiveCfg = Debug|Any CPU
		{090F8A80-66AD-4B95-A1FE-E9EA49448B8F}.Debug|Mixed Platforms.Build.0 = Debug|Any CPU
		{090F8A80-66AD-4B95-A1FE-E9EA49448B8F}.Debug|x86.ActiveCfg = Debug|Any CPU
		{090F8A80-66AD-4B95-A1FE-E9EA49448B8F}.Release|Any CPU.ActiveCfg = Release|Any CPU
		{090F8A80-66AD-4B95-A1FE-E9EA49448B8F}.Release|Any CPU.Build.0 = Release|Any CPU
		{090F8A80-66AD-4B95-A1FE-E9EA49448B8F}.Release|Mixed Platforms.ActiveCfg = Release|Any CPU
		{090F8A80-66AD-4B95-A1FE-E9EA49448B8F}.Release|Mixed Platforms.Build.0 = Release|Any CPU
		{090F8A80-66AD-4B95-A1FE-E9EA49448B8F}.Release|x86.ActiveCfg = Release|Any CPU
		{2F25C786-540A-4B9E-BB6A-850B5C725853}.Debug|Any CPU.ActiveCfg = Debug|Any CPU
		{2F25C786-540A-4B9E-BB6A-850B5C725853}.Debug|Any CPU.Build.0 = Debug|Any CPU
		{2F25C786-540A-4B9E-BB6A-850B5C725853}.Debug|Mixed Platforms.ActiveCfg = Debug|Any CPU
		{2F25C786-540A-4B9E-BB6A-850B5C725853}.Debug|Mixed Platforms.Build.0 = Debug|Any CPU
		{2F25C786-540A-4B9E-BB6A-850B5C725853}.Debug|x86.ActiveCfg = Debug|Any CPU
		{2F25C786-540A-4B9E-BB6A-850B5C725853}.Release|Any CPU.ActiveCfg = Release|Any CPU
		{2F25C786-540A-4B9E-BB6A-850B5C725853}.Release|Any CPU.Build.0 = Release|Any CPU
		{2F25C786-540A-4B9E-BB6A-850B5C725853}.Release|Mixed Platforms.ActiveCfg = Release|Any CPU
		{2F25C786-540A-4B9E-BB6A-850B5C725853}.Release|Mixed Platforms.Build.0 = Release|Any CPU
		{2F25C786-540A-4B9E-BB6A-850B5C725853}.Release|x86.ActiveCfg = Release|Any CPU
	EndGlobalSection
	GlobalSection(SolutionProperties) = preSolution
		HideSolutionNode = FALSE
	EndGlobalSection
EndGlobal
